
Microsoft Visual Studio Solution File, Format Version 12.00
# Visual Studio Version 16
VisualStudioVersion = 16.0.28803.202
MinimumVisualStudioVersion = 10.0.40219.1
Project("{9A19103F-16F7-4668-BE54-9A1E7A4F7556}") = "AzPlatformMonitor.Functions", "AzPlatformMonitor.Functions\AzPlatformMonitor.Functions.csproj", "{66BD5F6D-2E65-4DC9-BD59-826DD8688983}"
EndProject
Project("{FAE04EC0-301F-11D3-BF4B-00C04F79EFBC}") = "AzPlatformMonitor.Core", "AzPlatformMonitor.Core\AzPlatformMonitor.Core.csproj", "{45FF7C69-D3E0-43CC-81A7-0C627B233D5F}"
EndProject
Global
	GlobalSection(SolutionConfigurationPlatforms) = preSolution
		Debug|Any CPU = Debug|Any CPU
		Release|Any CPU = Release|Any CPU
	EndGlobalSection
	GlobalSection(ProjectConfigurationPlatforms) = postSolution
		{66BD5F6D-2E65-4DC9-BD59-826DD8688983}.Debug|Any CPU.ActiveCfg = Debug|Any CPU
		{66BD5F6D-2E65-4DC9-BD59-826DD8688983}.Debug|Any CPU.Build.0 = Debug|Any CPU
		{66BD5F6D-2E65-4DC9-BD59-826DD8688983}.Release|Any CPU.ActiveCfg = Release|Any CPU
		{66BD5F6D-2E65-4DC9-BD59-826DD8688983}.Release|Any CPU.Build.0 = Release|Any CPU
		{45FF7C69-D3E0-43CC-81A7-0C627B233D5F}.Debug|Any CPU.ActiveCfg = Debug|Any CPU
		{45FF7C69-D3E0-43CC-81A7-0C627B233D5F}.Debug|Any CPU.Build.0 = Debug|Any CPU
		{45FF7C69-D3E0-43CC-81A7-0C627B233D5F}.Release|Any CPU.ActiveCfg = Release|Any CPU
		{45FF7C69-D3E0-43CC-81A7-0C627B233D5F}.Release|Any CPU.Build.0 = Release|Any CPU
	EndGlobalSection
	GlobalSection(SolutionProperties) = preSolution
		HideSolutionNode = FALSE
	EndGlobalSection
	GlobalSection(ExtensibilityGlobals) = postSolution
		SolutionGuid = {6A45A52A-9983-4946-AC83-A117F0477106}
	EndGlobalSection
EndGlobal
